
Microsoft Visual Studio Solution File, Format Version 12.00
# Visual Studio Version 17
VisualStudioVersion = 17.4.33122.133
MinimumVisualStudioVersion = 10.0.40219.1
Project("{FAE04EC0-301F-11D3-BF4B-00C04F79EFBC}") = "VerificaCuomo21102024", "VerificaCuomo21102024.csproj", "{5A0AC9B9-B0FE-4035-AEF7-1747FCBB34DC}"
EndProject
Global
	GlobalSection(SolutionConfigurationPlatforms) = preSolution
		Debug|Any CPU = Debug|Any CPU
		Release|Any CPU = Release|Any CPU
	EndGlobalSection
	GlobalSection(ProjectConfigurationPlatforms) = postSolution
		{5A0AC9B9-B0FE-4035-AEF7-1747FCBB34DC}.Debug|Any CPU.ActiveCfg = Debug|Any CPU
		{5A0AC9B9-B0FE-4035-AEF7-1747FCBB34DC}.Debug|Any CPU.Build.0 = Debug|Any CPU
		{5A0AC9B9-B0FE-4035-AEF7-1747FCBB34DC}.Release|Any CPU.ActiveCfg = Release|Any CPU
		{5A0AC9B9-B0FE-4035-AEF7-1747FCBB34DC}.Release|Any CPU.Build.0 = Release|Any CPU
	EndGlobalSection
	GlobalSection(SolutionProperties) = preSolution
		HideSolutionNode = FALSE
	EndGlobalSection
	GlobalSection(ExtensibilityGlobals) = postSolution
		SolutionGuid = {E35478BC-23D5-46A0-810C-0B1B4CF0417F}
	EndGlobalSection
EndGlobal
